{
    "_readme": [
        "This file locks the dependencies of your project to a known state",
        "Read more about it at https://getcomposer.org/doc/01-basic-usage.md#installing-dependencies",
        "This file is @generated automatically"
    ],
    "content-hash": "3f4a6e6e0e587acfc1e8cd95da4ab29e",
    "packages": [],
    "packages-dev": [
        {
            "name": "micaherne/phpstan-moodle",
            "version": "v1.1.0",
            "source": {
                "type": "git",
                "url": "https://github.com/micaherne/phpstan-moodle.git",
                "reference": "95df7a321d51e932066d36855894f62652ae9713"
            },
            "dist": {
                "type": "zip",
                "url": "https://api.github.com/repos/micaherne/phpstan-moodle/zipball/95df7a321d51e932066d36855894f62652ae9713",
                "reference": "95df7a321d51e932066d36855894f62652ae9713",
                "shasum": ""
            },
            "require": {
                "php": "^7.4|^8.0",
                "phpstan/phpstan": "^2.1.18"
            },
            "require-dev": {
                "nikic/php-parser": "^5.0",
                "phpunit/phpunit": "^11.0",
                "rector/rector": "^2.0"
            },
            "type": "phpstan-extension",
            "extra": {
                "phpstan": {
                    "includes": [
                        "extension.neon"
                    ]
                }
            },
            "autoload": {
                "psr-4": {
                    "PhpstanMoodle\\": "src/"
                }
            },
            "notification-url": "https://packagist.org/downloads/",
            "license": [
                "GPL-3.0-or-later"
            ],
            "authors": [
                {
                    "name": "Michael Aherne",
                    "email": "micaherne@blueyonder.co.uk"
                }
            ],
            "description": "Rules and utilities for using PHPStan on Moodle code.",
            "support": {
                "issues": "https://github.com/micaherne/phpstan-moodle/issues",
                "source": "https://github.com/micaherne/phpstan-moodle/tree/v1.1.0"
            },
            "time": "2026-06-09T21:29:58+00:00"
        },
        {
            "name": "phpstan/phpstan",
            "version": "2.2.14",
            "dist": {
                "type": "zip",
                "url": "https://api.github.com/repos/phpstan/phpstan/zipball/9c672e7a8e791dfc3d30e55f683e73fc0b63a3ac",
                "reference": "9c672e7a8e791dfc3d30e55f683e73fc0b63a3ac",
                "shasum": ""
            },
            "require": {
                "php": "^7.4|^8.0"
            },
            "conflict": {
                "phpstan/phpstan-shim": "*"
            },
            "bin": [
                "phpstan",
                "phpstan.phar"
            ],
            "type": "library",
            "autoload": {
                "files": [
                    "bootstrap.php"
                ]
            },
            "notification-url": "https://packagist.org/downloads/",
            "license": [
                "MIT"
            ],
            "authors": [
                {
                    "name": "Ondřej Mirtes"
                },
                {
                    "name": "Markus Staab"
                },
                {
                    "name": "Vincent Langlet"
                }
            ],
            "description": "PHPStan - PHP Static Analysis Tool",
            "keywords": [
                "dev",
                "static analysis"
            ],
            "support": {
                "docs": "https://phpstan.org/user-guide/getting-started",
                "forum": "https://github.com/phpstan/phpstan/discussions",
                "issues": "https://github.com/phpstan/phpstan/issues",
                "security": "https://github.com/phpstan/phpstan/security/policy",
                "source": "https://github.com/phpstan/phpstan-src"
            },
            "funding": [
                {
                    "url": "https://github.com/ondrejmirtes",
                    "type": "github"
                },
                {
                    "url": "https://github.com/phpstan",
                    "type": "github"
                }
            ],
            "time": "2026-09-12T21:39:33+00:00"
        }
    ],
    "aliases": [],
    "minimum-stability": "stable",
    "stability-flags": {},
    "prefer-stable": false,
    "prefer-lowest": false,
    "platform": {},
    "platform-dev": {},
    "plugin-api-version": "2.9.0"
}
